{
  "name": "antd-static-theme-generator",
  "version": "1.0.0",
  "lockfileVersion": 1,
  "requires": true,
  "dependencies": {
    "@ant-design/colors": {
      "version": "3.2.2",
      "resolved": "https://registry.npmjs.org/@ant-design/colors/-/colors-3.2.2.tgz",
      "integrity": "sha512-YKgNbG2dlzqMhA9NtI3/pbY16m3Yl/EeWBRa+lB1X1YaYxHrxNexiQYCLTWO/uDvAjLFMEDU+zR901waBtMtjQ==",
      "requires": {
        "tinycolor2": "^1.4.1"
      }
    },
    "@ant-design/css-animation": {
      "version": "1.7.2",
      "resolved": "https://registry.npmjs.org/@ant-design/css-animation/-/css-animation-1.7.2.tgz",
      "integrity": "sha512-bvVOe7A+r7lws58B7r+fgnQDK90cV45AXuvGx6i5CCSX1W/M3AJnHsNggDANBxEtWdNdFWcDd5LorB+RdSIlBw=="
    },
    "@ant-design/icons": {
      "version": "4.2.1",
      "resolved": "https://registry.npmjs.org/@ant-design/icons/-/icons-4.2.1.tgz",
      "integrity": "sha512-245ZI40MOr5GGws+sNSiJIRRoEf/J2xvPSMgwRYf3bv8mVGQZ6XTQI/OMeV16KtiSZ3D+mBKXVYSBz2fhigOXQ==",
      "requires": {
        "@ant-design/colors": "^3.1.0",
        "@ant-design/icons-svg": "^4.0.0",
        "@babel/runtime": "^7.10.1",
        "classnames": "^2.2.6",
        "insert-css": "^2.0.0",
        "rc-util": "^5.0.1"
      }
    },
    "@ant-design/icons-svg": {
      "version": "4.1.0",
      "resolved": "https://registry.npmjs.org/@ant-design/icons-svg/-/icons-svg-4.1.0.tgz",
      "integrity": "sha512-Fi03PfuUqRs76aI3UWYpP864lkrfPo0hluwGqh7NJdLhvH4iRDc3jbJqZIvRDLHKbXrvAfPPV3+zjUccfFvWOQ=="
    },
    "@ant-design/react-slick": {
      "version": "0.26.2",
      "resolved": "https://registry.npmjs.org/@ant-design/react-slick/-/react-slick-0.26.2.tgz",
      "integrity": "sha512-6YubL24j/rZl9Oqw9ErsVMdvto6KeZk7To+h1HGvfo8WTpzXmVK/o4nZQzmZK6YDcXnzC8GZv4UwRiRanXdl2w==",
      "requires": {
        "classnames": "^2.2.5",
        "json2mq": "^0.2.0",
        "lodash": "^4.17.15",
        "resize-observer-polyfill": "^1.5.0"
      }
    },
    "@babel/runtime": {
      "version": "7.10.3",
      "resolved": "https://registry.npmjs.org/@babel/runtime/-/runtime-7.10.3.tgz",
      "integrity": "sha512-RzGO0RLSdokm9Ipe/YD+7ww8X2Ro79qiXZF3HU9ljrM+qnJmH1Vqth+hbiQZy761LnMJTMitHDuKVYTk3k4dLw==",
      "requires": {
        "regenerator-runtime": "^0.13.4"
      }
    },
    "ajv": {
      "version": "6.12.2",
      "resolved": "https://registry.npmjs.org/ajv/-/ajv-6.12.2.tgz",
      "integrity": "sha512-k+V+hzjm5q/Mr8ef/1Y9goCmlsK4I6Sm74teeyGvFk1XrOsbsKLjEdrvny42CZ+a8sXbk8KWpY/bDwS+FLL2UQ==",
      "dev": true,
      "optional": true,
      "requires": {
        "fast-deep-equal": "^3.1.1",
        "fast-json-stable-stringify": "^2.0.0",
        "json-schema-traverse": "^0.4.1",
        "uri-js": "^4.2.2"
      }
    },
    "antd": {
      "version": "4.3.5",
      "resolved": "https://registry.npmjs.org/antd/-/antd-4.3.5.tgz",
      "integrity": "sha512-C1qILCKh+G7q06wtm4uqmyvqzAzAaDKKzuTO0BO+rtUbSATjzbUg2Bp5byDEw0ThUGTWfJEQ0J7HZHh0FgiaJA==",
      "requires": {
        "@ant-design/css-animation": "^1.7.2",
        "@ant-design/icons": "^4.2.1",
        "@ant-design/react-slick": "~0.26.1",
        "array-tree-filter": "^2.1.0",
        "classnames": "^2.2.6",
        "copy-to-clipboard": "^3.2.0",
        "lodash": "^4.17.13",
        "moment": "^2.25.3",
        "omit.js": "^1.0.2",
        "raf": "^3.4.1",
        "rc-animate": "~3.1.0",
        "rc-cascader": "~1.2.0",
        "rc-checkbox": "~2.2.0",
        "rc-collapse": "~2.0.0",
        "rc-dialog": "~8.0.0",
        "rc-drawer": "~4.0.0",
        "rc-dropdown": "~3.1.2",
        "rc-field-form": "~1.4.1",
        "rc-input-number": "~5.0.0",
        "rc-mentions": "~1.2.0",
        "rc-menu": "~8.3.0",
        "rc-notification": "~4.4.0",
        "rc-pagination": "~2.2.5",
        "rc-picker": "~1.6.1",
        "rc-progress": "~3.0.0",
        "rc-rate": "~2.7.0",
        "rc-resize-observer": "^0.2.3",
        "rc-select": "~11.0.0",
        "rc-slider": "~9.3.0",
        "rc-steps": "~4.0.0",
        "rc-switch": "~3.2.0",
        "rc-table": "~7.8.0",
        "rc-tabs": "~11.4.1",
        "rc-tooltip": "~4.2.0",
        "rc-tree": "~3.3.0",
        "rc-tree-select": "~4.0.0",
        "rc-trigger": "~4.3.0",
        "rc-upload": "~3.2.0",
        "rc-util": "^5.0.1",
        "scroll-into-view-if-needed": "^2.2.25",
        "warning": "^4.0.3"
      }
    },
    "array-tree-filter": {
      "version": "2.1.0",
      "resolved": "https://registry.npmjs.org/array-tree-filter/-/array-tree-filter-2.1.0.tgz",
      "integrity": "sha512-4ROwICNlNw/Hqa9v+rk5h22KjmzB1JGTMVKP2AKJBOCgb0yL0ASf0+YvCcLNNwquOHNX48jkeZIJ3a+oOQqKcw=="
    },
    "asap": {
      "version": "2.0.6",
      "resolved": "https://registry.npmjs.org/asap/-/asap-2.0.6.tgz",
      "integrity": "sha1-5QNHYR1+aQlDIIu9r+vLwvuGbUY=",
      "dev": true,
      "optional": true
    },
    "asn1": {
      "version": "0.2.4",
      "resolved": "https://registry.npmjs.org/asn1/-/asn1-0.2.4.tgz",
      "integrity": "sha512-jxwzQpLQjSmWXgwaCZE9Nz+glAG01yF1QnWgbhGwHI5A6FRIEY6IVqtHhIepHqI7/kyEyQEagBC5mBEFlIYvdg==",
      "dev": true,
      "optional": true,
      "requires": {
        "safer-buffer": "~2.1.0"
      }
    },
    "assert-plus": {
      "version": "1.0.0",
      "resolved": "https://registry.npmjs.org/assert-plus/-/assert-plus-1.0.0.tgz",
      "integrity": "sha1-8S4PPF13sLHN2RRpQuTpbB5N1SU=",
      "dev": true,
      "optional": true
    },
    "async-validator": {
      "version": "3.3.0",
      "resolved": "https://registry.npmjs.org/async-validator/-/async-validator-3.3.0.tgz",
      "integrity": "sha512-cAHGD9EL8aCqWXjnb44q94MWiDFzUo1tMhvLb2WzcpWqGiKugsjWG9cvl+jPgkPca7asNbsBU3fa0cwkI/P+Xg=="
    },
    "asynckit": {
      "version": "0.4.0",
      "resolved": "https://registry.npmjs.org/asynckit/-/asynckit-0.4.0.tgz",
      "integrity": "sha1-x57Zf380y48robyXkLzDZkdLS3k=",
      "dev": true,
      "optional": true
    },
    "aws-sign2": {
      "version": "0.7.0",
      "resolved": "https://registry.npmjs.org/aws-sign2/-/aws-sign2-0.7.0.tgz",
      "integrity": "sha1-tG6JCTSpWR8tL2+G1+ap8bP+dqg=",
      "dev": true,
      "optional": true
    },
    "aws4": {
      "version": "1.10.0",
      "resolved": "https://registry.npmjs.org/aws4/-/aws4-1.10.0.tgz",
      "integrity": "sha512-3YDiu347mtVtjpyV3u5kVqQLP242c06zwDOgpeRnybmXlYYsLbtTrUBUm8i8srONt+FWobl5aibnU1030PeeuA==",
      "dev": true,
      "optional": true
    },
    "babel-runtime": {
      "version": "6.26.0",
      "resolved": "https://registry.npmjs.org/babel-runtime/-/babel-runtime-6.26.0.tgz",
      "integrity": "sha1-llxwWGaOgrVde/4E/yM3vItWR/4=",
      "requires": {
        "core-js": "^2.4.0",
        "regenerator-runtime": "^0.11.0"
      },
      "dependencies": {
        "regenerator-runtime": {
          "version": "0.11.1",
          "resolved": "https://registry.npmjs.org/regenerator-runtime/-/regenerator-runtime-0.11.1.tgz",
          "integrity": "sha512-MguG95oij0fC3QV3URf4V2SDYGJhJnJGqvIIgdECeODCT98wSWDAJ94SSuVpYQUoTcGUIL6L4yNB7j1DFFHSBg=="
        }
      }
    },
    "bcrypt-pbkdf": {
      "version": "1.0.2",
      "resolved": "https://registry.npmjs.org/bcrypt-pbkdf/-/bcrypt-pbkdf-1.0.2.tgz",
      "integrity": "sha1-pDAdOJtqQ/m2f/PKEaP2Y342Dp4=",
      "dev": true,
      "optional": true,
      "requires": {
        "tweetnacl": "^0.14.3"
      }
    },
    "caseless": {
      "version": "0.12.0",
      "resolved": "https://registry.npmjs.org/caseless/-/caseless-0.12.0.tgz",
      "integrity": "sha1-G2gcIf+EAzyCZUMJBolCDRhxUdw=",
      "dev": true,
      "optional": true
    },
    "classnames": {
      "version": "2.2.6",
      "resolved": "https://registry.npmjs.org/classnames/-/classnames-2.2.6.tgz",
      "integrity": "sha512-JR/iSQOSt+LQIWwrwEzJ9uk0xfN3mTVYMwt1Ir5mUcSN6pU+V4zQFFaJsclJbPuAUQH+yfWef6tm7l1quW3C8Q=="
    },
    "clone": {
      "version": "2.1.2",
      "resolved": "https://registry.npmjs.org/clone/-/clone-2.1.2.tgz",
      "integrity": "sha1-G39Ln1kfHo+DZwQBYANFoCiHQ18=",
      "dev": true
    },
    "combined-stream": {
      "version": "1.0.8",
      "resolved": "https://registry.npmjs.org/combined-stream/-/combined-stream-1.0.8.tgz",
      "integrity": "sha512-FQN4MRfuJeHf7cBbBMJFXhKSDq+2kAArBlmRBvcvFE5BB1HZKXtSFASDhdlz9zOYwxh8lDdnvmMOe/+5cdoEdg==",
      "dev": true,
      "optional": true,
      "requires": {
        "delayed-stream": "~1.0.0"
      }
    },
    "compute-scroll-into-view": {
      "version": "1.0.14",
      "resolved": "https://registry.npmjs.org/compute-scroll-into-view/-/compute-scroll-into-view-1.0.14.tgz",
      "integrity": "sha512-mKDjINe3tc6hGelUMNDzuhorIUZ7kS7BwyY0r2wQd2HOH2tRuJykiC06iSEX8y1TuhNzvz4GcJnK16mM2J1NMQ=="
    },
    "copy-to-clipboard": {
      "version": "3.3.1",
      "resolved": "https://registry.npmjs.org/copy-to-clipboard/-/copy-to-clipboard-3.3.1.tgz",
      "integrity": "sha512-i13qo6kIHTTpCm8/Wup+0b1mVWETvu2kIMzKoK8FpkLkFxlt0znUAHcMzox+T8sPlqtZXq3CulEjQHsYiGFJUw==",
      "requires": {
        "toggle-selection": "^1.0.6"
      }
    },
    "core-js": {
      "version": "2.6.11",
      "resolved": "https://registry.npmjs.org/core-js/-/core-js-2.6.11.tgz",
      "integrity": "sha512-5wjnpaT/3dV+XB4borEsnAYQchn00XSgTAWKDkEqv+K8KevjbzmofK6hfJ9TZIlpj2N0xQpazy7PiRQiWHqzWg=="
    },
    "core-util-is": {
      "version": "1.0.2",
      "resolved": "https://registry.npmjs.org/core-util-is/-/core-util-is-1.0.2.tgz",
      "integrity": "sha1-tf1UIgqivFq1eqtxQMlAdUUDwac=",
      "dev": true,
      "optional": true
    },
    "dashdash": {
      "version": "1.14.1",
      "resolved": "https://registry.npmjs.org/dashdash/-/dashdash-1.14.1.tgz",
      "integrity": "sha1-hTz6D3y+L+1d4gMmuN1YEDX24vA=",
      "dev": true,
      "optional": true,
      "requires": {
        "assert-plus": "^1.0.0"
      }
    },
    "delayed-stream": {
      "version": "1.0.0",
      "resolved": "https://registry.npmjs.org/delayed-stream/-/delayed-stream-1.0.0.tgz",
      "integrity": "sha1-3zrhmayt+31ECqrgsp4icrJOxhk=",
      "dev": true,
      "optional": true
    },
    "dom-align": {
      "version": "1.12.0",
      "resolved": "https://registry.npmjs.org/dom-align/-/dom-align-1.12.0.tgz",
      "integrity": "sha512-YkoezQuhp3SLFGdOlr5xkqZ640iXrnHAwVYcDg8ZKRUtO7mSzSC2BA5V0VuyAwPSJA4CLIc6EDDJh4bEsD2+zA=="
    },
    "ecc-jsbn": {
      "version": "0.1.2",
      "resolved": "https://registry.npmjs.org/ecc-jsbn/-/ecc-jsbn-0.1.2.tgz",
      "integrity": "sha1-OoOpBOVDUyh4dMVkt1SThoSamMk=",
      "dev": true,
      "optional": true,
      "requires": {
        "jsbn": "~0.1.0",
        "safer-buffer": "^2.1.0"
      }
    },
    "errno": {
      "version": "0.1.7",
      "resolved": "https://registry.npmjs.org/errno/-/errno-0.1.7.tgz",
      "integrity": "sha512-MfrRBDWzIWifgq6tJj60gkAwtLNb6sQPlcFrSOflcP1aFmmruKQ2wRnze/8V6kgyz7H3FF8Npzv78mZ7XLLflg==",
      "dev": true,
      "optional": true,
      "requires": {
        "prr": "~1.0.1"
      }
    },
    "extend": {
      "version": "3.0.2",
      "resolved": "https://registry.npmjs.org/extend/-/extend-3.0.2.tgz",
      "integrity": "sha512-fjquC59cD7CyW6urNXK0FBufkZcoiGG80wTuPujX590cB5Ttln20E2UB4S/WARVqhXffZl2LNgS+gQdPIIim/g==",
      "dev": true,
      "optional": true
    },
    "extsprintf": {
      "version": "1.3.0",
      "resolved": "https://registry.npmjs.org/extsprintf/-/extsprintf-1.3.0.tgz",
      "integrity": "sha1-lpGEQOMEGnpBT4xS48V06zw+HgU=",
      "dev": true,
      "optional": true
    },
    "fast-deep-equal": {
      "version": "3.1.3",
      "resolved": "https://registry.npmjs.org/fast-deep-equal/-/fast-deep-equal-3.1.3.tgz",
      "integrity": "sha512-f3qQ9oQy9j2AhBe/H9VC91wLmKBCCU/gDOnKNAYG5hswO7BLKj09Hc5HYNz9cGI++xlpDCIgDaitVs03ATR84Q==",
      "dev": true,
      "optional": true
    },
    "fast-json-stable-stringify": {
      "version": "2.1.0",
      "resolved": "https://registry.npmjs.org/fast-json-stable-stringify/-/fast-json-stable-stringify-2.1.0.tgz",
      "integrity": "sha512-lhd/wF+Lk98HZoTCtlVraHtfh5XYijIjalXck7saUtuanSDyLMxnHhSXEDJqHxD7msR8D0uCmqlkwjCV8xvwHw==",
      "dev": true,
      "optional": true
    },
    "forever-agent": {
      "version": "0.6.1",
      "resolved": "https://registry.npmjs.org/forever-agent/-/forever-agent-0.6.1.tgz",
      "integrity": "sha1-+8cfDEGt6zf5bFd60e1C2P2sypE=",
      "dev": true,
      "optional": true
    },
    "form-data": {
      "version": "2.3.3",
      "resolved": "https://registry.npmjs.org/form-data/-/form-data-2.3.3.tgz",
      "integrity": "sha512-1lLKB2Mu3aGP1Q/2eCOx0fNbRMe7XdwktwOruhfqqd0rIJWwN4Dh+E3hrPSlDCXnSR7UtZ1N38rVXm+6+MEhJQ==",
      "dev": true,
      "optional": true,
      "requires": {
        "asynckit": "^0.4.0",
        "combined-stream": "^1.0.6",
        "mime-types": "^2.1.12"
      }
    },
    "getpass": {
      "version": "0.1.7",
      "resolved": "https://registry.npmjs.org/getpass/-/getpass-0.1.7.tgz",
      "integrity": "sha1-Xv+OPmhNVprkyysSgmBOi6YhSfo=",
      "dev": true,
      "optional": true,
      "requires": {
        "assert-plus": "^1.0.0"
      }
    },
    "graceful-fs": {
      "version": "4.2.4",
      "resolved": "https://registry.npmjs.org/graceful-fs/-/graceful-fs-4.2.4.tgz",
      "integrity": "sha512-WjKPNJF79dtJAVniUlGGWHYGz2jWxT6VhN/4m1NdkbZ2nOsEF+cI1Edgql5zCRhs/VsQYRvrXctxktVXZUkixw==",
      "dev": true,
      "optional": true
    },
    "har-schema": {
      "version": "2.0.0",
      "resolved": "https://registry.npmjs.org/har-schema/-/har-schema-2.0.0.tgz",
      "integrity": "sha1-qUwiJOvKwEeCoNkDVSHyRzW37JI=",
      "dev": true,
      "optional": true
    },
    "har-validator": {
      "version": "5.1.3",
      "resolved": "https://registry.npmjs.org/har-validator/-/har-validator-5.1.3.tgz",
      "integrity": "sha512-sNvOCzEQNr/qrvJgc3UG/kD4QtlHycrzwS+6mfTrrSq97BvaYcPZZI1ZSqGSPR73Cxn4LKTD4PttRwfU7jWq5g==",
      "dev": true,
      "optional": true,
      "requires": {
        "ajv": "^6.5.5",
        "har-schema": "^2.0.0"
      }
    },
    "hoist-non-react-statics": {
      "version": "3.3.2",
      "resolved": "https://registry.npmjs.org/hoist-non-react-statics/-/hoist-non-react-statics-3.3.2.tgz",
      "integrity": "sha512-/gGivxi8JPKWNm/W0jSmzcMPpfpPLc3dY/6GxhX2hQ9iGj3aDfklV4ET7NjKpSinLpJ5vafa9iiGIEZg10SfBw==",
      "requires": {
        "react-is": "^16.7.0"
      }
    },
    "http-signature": {
      "version": "1.2.0",
      "resolved": "https://registry.npmjs.org/http-signature/-/http-signature-1.2.0.tgz",
      "integrity": "sha1-muzZJRFHcvPZW2WmCruPfBj7rOE=",
      "dev": true,
      "optional": true,
      "requires": {
        "assert-plus": "^1.0.0",
        "jsprim": "^1.2.2",
        "sshpk": "^1.7.0"
      }
    },
    "image-size": {
      "version": "0.5.5",
      "resolved": "https://registry.npmjs.org/image-size/-/image-size-0.5.5.tgz",
      "integrity": "sha1-Cd/Uq50g4p6xw+gLiZA3jfnjy5w=",
      "dev": true,
      "optional": true
    },
    "insert-css": {
      "version": "2.0.0",
      "resolved": "https://registry.npmjs.org/insert-css/-/insert-css-2.0.0.tgz",
      "integrity": "sha1-610Ql7dUL0x56jBg067gfQU4gPQ="
    },
    "is-typedarray": {
      "version": "1.0.0",
      "resolved": "https://registry.npmjs.org/is-typedarray/-/is-typedarray-1.0.0.tgz",
      "integrity": "sha1-5HnICFjfDBsR3dppQPlgEfzaSpo=",
      "dev": true,
      "optional": true
    },
    "isstream": {
      "version": "0.1.2",
      "resolved": "https://registry.npmjs.org/isstream/-/isstream-0.1.2.tgz",
      "integrity": "sha1-R+Y/evVa+m+S4VAOaQ64uFKcCZo=",
      "dev": true,
      "optional": true
    },
    "js-tokens": {
      "version": "4.0.0",
      "resolved": "https://registry.npmjs.org/js-tokens/-/js-tokens-4.0.0.tgz",
      "integrity": "sha512-RdJUflcE3cUzKiMqQgsCu06FPu9UdIJO0beYbPhHN4k6apgJtifcoCtT9bcxOpYBtpD2kCM6Sbzg4CausW/PKQ=="
    },
    "jsbn": {
      "version": "0.1.1",
      "resolved": "https://registry.npmjs.org/jsbn/-/jsbn-0.1.1.tgz",
      "integrity": "sha1-peZUwuWi3rXyAdls77yoDA7y9RM=",
      "dev": true,
      "optional": true
    },
    "json-schema": {
      "version": "0.2.3",
      "resolved": "https://registry.npmjs.org/json-schema/-/json-schema-0.2.3.tgz",
      "integrity": "sha1-tIDIkuWaLwWVTOcnvT8qTogvnhM=",
      "dev": true,
      "optional": true
    },
    "json-schema-traverse": {
      "version": "0.4.1",
      "resolved": "https://registry.npmjs.org/json-schema-traverse/-/json-schema-traverse-0.4.1.tgz",
      "integrity": "sha512-xbbCH5dCYU5T8LcEhhuh7HJ88HXuW3qsI3Y0zOZFKfZEHcpWiHU/Jxzk629Brsab/mMiHQti9wMP+845RPe3Vg==",
      "dev": true,
      "optional": true
    },
    "json-stringify-safe": {
      "version": "5.0.1",
      "resolved": "https://registry.npmjs.org/json-stringify-safe/-/json-stringify-safe-5.0.1.tgz",
      "integrity": "sha1-Epai1Y/UXxmg9s4B1lcB4sc1tus=",
      "dev": true,
      "optional": true
    },
    "json2mq": {
      "version": "0.2.0",
      "resolved": "https://registry.npmjs.org/json2mq/-/json2mq-0.2.0.tgz",
      "integrity": "sha1-tje9O6nqvhIsg+lyBIOusQ0skEo=",
      "requires": {
        "string-convert": "^0.2.0"
      }
    },
    "jsprim": {
      "version": "1.4.1",
      "resolved": "https://registry.npmjs.org/jsprim/-/jsprim-1.4.1.tgz",
      "integrity": "sha1-MT5mvB5cwG5Di8G3SZwuXFastqI=",
      "dev": true,
      "optional": true,
      "requires": {
        "assert-plus": "1.0.0",
        "extsprintf": "1.3.0",
        "json-schema": "0.2.3",
        "verror": "1.10.0"
      }
    },
    "less": {
      "version": "3.11.3",
      "resolved": "https://registry.npmjs.org/less/-/less-3.11.3.tgz",
      "integrity": "sha512-VkZiTDdtNEzXA3LgjQiC3D7/ejleBPFVvq+aRI9mIj+Zhmif5TvFPM244bT4rzkvOCvJ9q4zAztok1M7Nygagw==",
      "dev": true,
      "requires": {
        "clone": "^2.1.2",
        "errno": "^0.1.1",
        "graceful-fs": "^4.1.2",
        "image-size": "~0.5.0",
        "make-dir": "^2.1.0",
        "mime": "^1.4.1",
        "promise": "^7.1.1",
        "request": "^2.83.0",
        "source-map": "~0.6.0",
        "tslib": "^1.10.0"
      }
    },
    "lodash": {
      "version": "4.17.15",
      "resolved": "https://registry.npmjs.org/lodash/-/lodash-4.17.15.tgz",
      "integrity": "sha512-8xOcRHvCjnocdS5cpwXQXVzmmh5e5+saE2QGoeQmbKmRS6J3VQppPOIt0MnmE+4xlZoumy0GPG0D0MVIQbNA1A=="
    },
    "loose-envify": {
      "version": "1.4.0",
      "resolved": "https://registry.npmjs.org/loose-envify/-/loose-envify-1.4.0.tgz",
      "integrity": "sha512-lyuxPGr/Wfhrlem2CL/UcnUc1zcqKAImBDzukY7Y5F/yQiNdko6+fRLevlw1HgMySw7f611UIY408EtxRSoK3Q==",
      "requires": {
        "js-tokens": "^3.0.0 || ^4.0.0"
      }
    },
    "make-dir": {
      "version": "2.1.0",
      "resolved": "https://registry.npmjs.org/make-dir/-/make-dir-2.1.0.tgz",
      "integrity": "sha512-LS9X+dc8KLxXCb8dni79fLIIUA5VyZoyjSMCwTluaXA0o27cCK0bhXkpgw+sTXVpPy/lSO57ilRixqk0vDmtRA==",
      "dev": true,
      "optional": true,
      "requires": {
        "pify": "^4.0.1",
        "semver": "^5.6.0"
      }
    },
    "mime": {
      "version": "1.6.0",
      "resolved": "https://registry.npmjs.org/mime/-/mime-1.6.0.tgz",
      "integrity": "sha512-x0Vn8spI+wuJ1O6S7gnbaQg8Pxh4NNHb7KSINmEWKiPE4RKOplvijn+NkmYmmRgP68mc70j2EbeTFRsrswaQeg==",
      "dev": true,
      "optional": true
    },
    "mime-db": {
      "version": "1.44.0",
      "resolved": "https://registry.npmjs.org/mime-db/-/mime-db-1.44.0.tgz",
      "integrity": "sha512-/NOTfLrsPBVeH7YtFPgsVWveuL+4SjjYxaQ1xtM1KMFj7HdxlBlxeyNLzhyJVx7r4rZGJAZ/6lkKCitSc/Nmpg==",
      "dev": true,
      "optional": true
    },
    "mime-types": {
      "version": "2.1.27",
      "resolved": "https://registry.npmjs.org/mime-types/-/mime-types-2.1.27.tgz",
      "integrity": "sha512-JIhqnCasI9yD+SsmkquHBxTSEuZdQX5BuQnS2Vc7puQQQ+8yiP5AY5uWhpdv4YL4VM5c6iliiYWPgJ/nJQLp7w==",
      "dev": true,
      "optional": true,
      "requires": {
        "mime-db": "1.44.0"
      }
    },
    "mini-store": {
      "version": "3.0.5",
      "resolved": "https://registry.npmjs.org/mini-store/-/mini-store-3.0.5.tgz",
      "integrity": "sha512-A7f0+d7TEvjJNY2K+splh2OG3AhmoPoiF3VntlAcJuBzryMumOF9LAVzg8mRJPPbCkz7mlWQg9MCMQPR2auftA==",
      "requires": {
        "hoist-non-react-statics": "^3.3.2",
        "shallowequal": "^1.0.2"
      }
    },
    "moment": {
      "version": "2.27.0",
      "resolved": "https://registry.npmjs.org/moment/-/moment-2.27.0.tgz",
      "integrity": "sha512-al0MUK7cpIcglMv3YF13qSgdAIqxHTO7brRtaz3DlSULbqfazqkc5kEjNrLDOM7fsjshoFIihnU8snrP7zUvhQ=="
    },
    "oauth-sign": {
      "version": "0.9.0",
      "resolved": "https://registry.npmjs.org/oauth-sign/-/oauth-sign-0.9.0.tgz",
      "integrity": "sha512-fexhUFFPTGV8ybAtSIGbV6gOkSv8UtRbDBnAyLQw4QPKkgNlsH2ByPGtMUqdWkos6YCRmAqViwgZrJc/mRDzZQ==",
      "dev": true,
      "optional": true
    },
    "omit.js": {
      "version": "1.0.2",
      "resolved": "https://registry.npmjs.org/omit.js/-/omit.js-1.0.2.tgz",
      "integrity": "sha512-/QPc6G2NS+8d4L/cQhbk6Yit1WTB6Us2g84A7A/1+w9d/eRGHyEqC5kkQtHVoHZ5NFWGG7tUGgrhVZwgZanKrQ==",
      "requires": {
        "babel-runtime": "^6.23.0"
      }
    },
    "performance-now": {
      "version": "2.1.0",
      "resolved": "https://registry.npmjs.org/performance-now/-/performance-now-2.1.0.tgz",
      "integrity": "sha1-Ywn04OX6kT7BxpMHrjZLSzd8nns="
    },
    "pify": {
      "version": "4.0.1",
      "resolved": "https://registry.npmjs.org/pify/-/pify-4.0.1.tgz",
      "integrity": "sha512-uB80kBFb/tfd68bVleG9T5GGsGPjJrLAUpR5PZIrhBnIaRTQRjqdJSsIKkOP6OAIFbj7GOrcudc5pNjZ+geV2g==",
      "dev": true,
      "optional": true
    },
    "promise": {
      "version": "7.3.1",
      "resolved": "https://registry.npmjs.org/promise/-/promise-7.3.1.tgz",
      "integrity": "sha512-nolQXZ/4L+bP/UGlkfaIujX9BKxGwmQ9OT4mOt5yvy8iK1h3wqTEJCijzGANTCCl9nWjY41juyAn2K3Q1hLLTg==",
      "dev": true,
      "optional": true,
      "requires": {
        "asap": "~2.0.3"
      }
    },
    "prr": {
      "version": "1.0.1",
      "resolved": "https://registry.npmjs.org/prr/-/prr-1.0.1.tgz",
      "integrity": "sha1-0/wRS6BplaRexok/SEzrHXj19HY=",
      "dev": true,
      "optional": true
    },
    "psl": {
      "version": "1.8.0",
      "resolved": "https://registry.npmjs.org/psl/-/psl-1.8.0.tgz",
      "integrity": "sha512-RIdOzyoavK+hA18OGGWDqUTsCLhtA7IcZ/6NCs4fFJaHBDab+pDDmDIByWFRQJq2Cd7r1OoQxBGKOaztq+hjIQ==",
      "dev": true,
      "optional": true
    },
    "punycode": {
      "version": "2.1.1",
      "resolved": "https://registry.npmjs.org/punycode/-/punycode-2.1.1.tgz",
      "integrity": "sha512-XRsRjdf+j5ml+y/6GKHPZbrF/8p2Yga0JPtdqTIY2Xe5ohJPD9saDJJLPvp9+NSBprVvevdXZybnj2cv8OEd0A==",
      "dev": true,
      "optional": true
    },
    "qs": {
      "version": "6.5.2",
      "resolved": "https://registry.npmjs.org/qs/-/qs-6.5.2.tgz",
      "integrity": "sha512-N5ZAX4/LxJmF+7wN74pUD6qAh9/wnvdQcjq9TZjevvXzSUo7bfmw91saqMjzGS2xq91/odN2dW/WOl7qQHNDGA==",
      "dev": true,
      "optional": true
    },
    "raf": {
      "version": "3.4.1",
      "resolved": "https://registry.npmjs.org/raf/-/raf-3.4.1.tgz",
      "integrity": "sha512-Sq4CW4QhwOHE8ucn6J34MqtZCeWFP2aQSmrlroYgqAV1PjStIhJXxYuTgUIfkEk7zTLjmIjLmU5q+fbD1NnOJA==",
      "requires": {
        "performance-now": "^2.1.0"
      }
    },
    "rc-align": {
      "version": "4.0.1",
      "resolved": "https://registry.npmjs.org/rc-align/-/rc-align-4.0.1.tgz",
      "integrity": "sha512-RQ5Fhxl0LW+zsxbY8dxAcpXdaHkHH2jzRSSpvBTS7G9LMK3T+WRcn4ovjg/eqAESM6TdTx0hfqWF2S1pO75jxQ==",
      "requires": {
        "@babel/runtime": "^7.10.1",
        "classnames": "2.x",
        "dom-align": "^1.7.0",
        "rc-util": "^5.0.1",
        "resize-observer-polyfill": "^1.5.1"
      }
    },
    "rc-animate": {
      "version": "3.1.0",
      "resolved": "https://registry.npmjs.org/rc-animate/-/rc-animate-3.1.0.tgz",
      "integrity": "sha512-8FsM+3B1H+0AyTyGggY6JyVldHTs1CyYT8CfTmG/nGHHXlecvSLeICJhcKgRLjUiQlctNnRtB1rwz79cvBVmrw==",
      "requires": {
        "@ant-design/css-animation": "^1.7.2",
        "classnames": "^2.2.6",
        "raf": "^3.4.0",
        "rc-util": "^5.0.1"
      }
    },
    "rc-cascader": {
      "version": "1.2.0",
      "resolved": "https://registry.npmjs.org/rc-cascader/-/rc-cascader-1.2.0.tgz",
      "integrity": "sha512-exJ6qvaZddARXOjxYQzD0oYrOhNS/WC3E0+xUtAA6yP3RA6PRtzTBWCI4Il4y58X3C+wTjkQq5q1vKxHD76QOA==",
      "requires": {
        "array-tree-filter": "^2.1.0",
        "rc-trigger": "^4.0.0",
        "rc-util": "^5.0.1",
        "warning": "^4.0.1"
      }
    },
    "rc-checkbox": {
      "version": "2.2.0",
      "resolved": "https://registry.npmjs.org/rc-checkbox/-/rc-checkbox-2.2.0.tgz",
      "integrity": "sha512-Wjh/nutLA8iIPTT1P9I9KOqlUblVe+CWa3SxMibFySnLyYbMxKNtPhwNcbADPOqzNU0AsCntTduNeJg1n0B5fg==",
      "requires": {
        "babel-runtime": "^6.23.0",
        "classnames": "2.x"
      }
    },
    "rc-collapse": {
      "version": "2.0.0",
      "resolved": "https://registry.npmjs.org/rc-collapse/-/rc-collapse-2.0.0.tgz",
      "integrity": "sha512-R5+Ge1uzwK9G1wZPRPhqQsed4FXTDmU0BKzsqfNBtZdk/wd+yey8ZutmJmSozYc5hQwjPkCvJHV7gOIRZKIlJg==",
      "requires": {
        "@ant-design/css-animation": "^1.7.2",
        "classnames": "2.x",
        "rc-animate": "3.x",
        "react-is": "^16.7.0",
        "shallowequal": "^1.1.0"
      }
    },
    "rc-dialog": {
      "version": "8.0.1",
      "resolved": "https://registry.npmjs.org/rc-dialog/-/rc-dialog-8.0.1.tgz",
      "integrity": "sha512-ZOO2F8KHN4Dkpf1KiXNPKFWaLZutIuAhQw+YCafcFrigDv50AxGivoMSC//k4yjcJr3XRQTQMlMsmdAff4dEhw==",
      "requires": {
        "babel-runtime": "6.x",
        "rc-animate": "3.x",
        "rc-util": "^5.0.1"
      }
    },
    "rc-drawer": {
      "version": "4.0.1",
      "resolved": "https://registry.npmjs.org/rc-drawer/-/rc-drawer-4.0.1.tgz",
      "integrity": "sha512-sQCMV7W5hBjptdHXXKC+YOvZ6sNChDN9Nudd9dA5kJ2ld83yLa54IkEYs4FIb3Ana7yl4kkrgU0B1k2baSsnzw==",
      "requires": {
        "@babel/runtime": "^7.10.1",
        "classnames": "^2.2.6",
        "rc-util": "^5.0.1"
      }
    },
    "rc-dropdown": {
      "version": "3.1.2",
      "resolved": "https://registry.npmjs.org/rc-dropdown/-/rc-dropdown-3.1.2.tgz",
      "integrity": "sha512-s2W5jqvjTid5DxotGO5FlTBaQWeB+Bu7McQgjB8Ot3Wbl72AIKwLf11+lgbV4mA2vWC1H8DKyn6SW9TKLTi0xg==",
      "requires": {
        "@babel/runtime": "^7.10.1",
        "classnames": "^2.2.6",
        "rc-trigger": "^4.0.0"
      }
    },
    "rc-field-form": {
      "version": "1.4.4",
      "resolved": "https://registry.npmjs.org/rc-field-form/-/rc-field-form-1.4.4.tgz",
      "integrity": "sha512-1LwZ/I3fRUDzj2JGyfwur4nZqgwybrHy3kf6aKbGeWfYkpNbZaUNkIPfjBBmCdpN6lVPKI7ftRnYtjdBaXzyaw==",
      "requires": {
        "@babel/runtime": "^7.8.4",
        "async-validator": "^3.0.3",
        "rc-util": "^5.0.0"
      }
    },
    "rc-input-number": {
      "version": "5.0.1",
      "resolved": "https://registry.npmjs.org/rc-input-number/-/rc-input-number-5.0.1.tgz",
      "integrity": "sha512-4GgnJCjllAVNsZ9fPA+3LnoIgwUqM8QAWpyoKiTkPDN1UWapXYsPiKJCXOhnmiR0X8xpEoYHiobUaiquMliWiQ==",
      "requires": {
        "classnames": "^2.2.0",
        "rc-util": "^5.0.1"
      }
    },
    "rc-mentions": {
      "version": "1.2.0",
      "resolved": "https://registry.npmjs.org/rc-mentions/-/rc-mentions-1.2.0.tgz",
      "integrity": "sha512-9d4AYMuKN4o/ND5r/82rJHMp+R+rn1b+f8ZmWsI/1NlWtMqVn9Q7yxofqbX78zgV6+nppsMvMqtduJhgQkVl0Q==",
      "requires": {
        "@babel/runtime": "^7.10.1",
        "classnames": "^2.2.6",
        "rc-menu": "^8.0.1",
        "rc-trigger": "^4.3.0",
        "rc-util": "^5.0.1"
      }
    },
    "rc-menu": {
      "version": "8.3.1",
      "resolved": "https://registry.npmjs.org/rc-menu/-/rc-menu-8.3.1.tgz",
      "integrity": "sha512-4LNQ0zIL27yayQu9Xi3QOUB2yEqm5qSFwD9MzB1XnTo1JeLTLy3+D8Bm94rykvnhV6z5MYtalUTnM7ETfjExXQ==",
      "requires": {
        "@babel/runtime": "^7.10.1",
        "classnames": "2.x",
        "mini-store": "^3.0.1",
        "rc-animate": "^3.1.0",
        "rc-trigger": "^4.2.0",
        "rc-util": "^5.0.1",
        "resize-observer-polyfill": "^1.5.0",
        "shallowequal": "^1.1.0"
      }
    },
    "rc-notification": {
      "version": "4.4.0",
      "resolved": "https://registry.npmjs.org/rc-notification/-/rc-notification-4.4.0.tgz",
      "integrity": "sha512-IDeNAFGVeOsy1tv4zNVqMAXB9tianR80ewQbtObaAQfjwAjWfONdqdyjFkEU6nc6UQhSUYA5OcTGb7kwwbnh0g==",
      "requires": {
        "@babel/runtime": "^7.10.1",
        "classnames": "2.x",
        "rc-animate": "3.x",
        "rc-util": "^5.0.1"
      }
    },
    "rc-pagination": {
      "version": "2.2.5",
      "resolved": "https://registry.npmjs.org/rc-pagination/-/rc-pagination-2.2.5.tgz",
      "integrity": "sha512-7hMFNi8R7C/4cLKgmSpUb3BfMFdt4DLrjTixSRMpMBR5jwGfwRyoV9g9Tm6gCuCaAlVAX1QNtlM1T2UqEOW5lw==",
      "requires": {
        "@babel/runtime": "^7.10.1",
        "classnames": "^2.2.1"
      }
    },
    "rc-picker": {
      "version": "1.6.4",
      "resolved": "https://registry.npmjs.org/rc-picker/-/rc-picker-1.6.4.tgz",
      "integrity": "sha512-F3ahAtKEI1DgKIfH7likOOEZeKs21xTXVshtD7hO3StrkGrSeK0+HzAG80nP8AAc6wMJE667d4+Bo093G0mCHA==",
      "requires": {
        "@babel/runtime": "^7.10.1",
        "classnames": "^2.2.1",
        "moment": "^2.24.0",
        "rc-trigger": "^4.0.0",
        "rc-util": "^5.0.1",
        "shallowequal": "^1.1.0"
      }
    },
    "rc-progress": {
      "version": "3.0.0",
      "resolved": "https://registry.npmjs.org/rc-progress/-/rc-progress-3.0.0.tgz",
      "integrity": "sha512-dQv1KU3o6Vay604FMYMF4S0x4GNXAgXf1tbQ1QoxeIeQt4d5fUeB7Ri82YPu+G+aRvH/AtxYAlEcnxyVZ1/4Hw==",
      "requires": {
        "classnames": "^2.2.6"
      }
    },
    "rc-rate": {
      "version": "2.7.0",
      "resolved": "https://registry.npmjs.org/rc-rate/-/rc-rate-2.7.0.tgz",
      "integrity": "sha512-XD+1tnmKa3Ykm6jVX2ZiwIWdv+DG1t7LDK3dojeFoS8GgA7W3oqW5R/UpJ66qrLYpPHw9N4pYJKWySiPKtPsLQ==",
      "requires": {
        "@babel/runtime": "^7.10.1",
        "classnames": "^2.2.5",
        "rc-util": "^5.0.1"
      }
    },
    "rc-resize-observer": {
      "version": "0.2.3",
      "resolved": "https://registry.npmjs.org/rc-resize-observer/-/rc-resize-observer-0.2.3.tgz",
      "integrity": "sha512-dEPCGX15eRRnu+TNBIGyEghpzE24fTDW8pHdJPJS/kCR3lafFqBLqKzBgZW6pMUuM70/ZDyFQ0Kynx9kWsXRNw==",
      "requires": {
        "@babel/runtime": "^7.10.1",
        "classnames": "^2.2.1",
        "rc-util": "^5.0.0",
        "resize-observer-polyfill": "^1.5.1"
      }
    },
    "rc-select": {
      "version": "11.0.3",
      "resolved": "https://registry.npmjs.org/rc-select/-/rc-select-11.0.3.tgz",
      "integrity": "sha512-dx53Ei/3tBTv8U974scJoVgisRZc+Ubsx3x7u2uWwsAAWgkCJVhH1ZbeqQpj4Iyv/y3YqSjbBWinhEDE0H6q1Q==",
      "requires": {
        "@babel/runtime": "^7.10.1",
        "classnames": "2.x",
        "rc-animate": "^3.0.0",
        "rc-trigger": "^4.3.0",
        "rc-util": "^5.0.1",
        "rc-virtual-list": "^1.1.2",
        "warning": "^4.0.3"
      }
    },
    "rc-slider": {
      "version": "9.3.1",
      "resolved": "https://registry.npmjs.org/rc-slider/-/rc-slider-9.3.1.tgz",
      "integrity": "sha512-c52PWPyrfJWh28K6dixAm0906L3/4MUIxqrNQA4TLnC/Z+cBNycWJUZoJerpwSOE1HdM3XDwixCsmtFc/7aWlQ==",
      "requires": {
        "@babel/runtime": "^7.10.1",
        "classnames": "^2.2.5",
        "rc-tooltip": "^4.0.0",
        "rc-util": "^5.0.0",
        "shallowequal": "^1.1.0"
      }
    },
    "rc-steps": {
      "version": "4.0.1",
      "resolved": "https://registry.npmjs.org/rc-steps/-/rc-steps-4.0.1.tgz",
      "integrity": "sha512-6MuqunJDIZexZj7v5EcHiOF6Q7Xg53+mcxELiIROhvXatssfLxDESpRZJ3zLquecxRjq5epYt92X8xBJ653itg==",
      "requires": {
        "@babel/runtime": "^7.10.2",
        "classnames": "^2.2.3",
        "rc-util": "^5.0.1"
      }
    },
    "rc-switch": {
      "version": "3.2.0",
      "resolved": "https://registry.npmjs.org/rc-switch/-/rc-switch-3.2.0.tgz",
      "integrity": "sha512-WQZnRrWZ+KGh4Cd98FpP1ZgvMmebctoHzKAO2n1Xsry1FQBSGgIw4rQJRxET31VS/dR1LIKb5md/k0UzcXXc0g==",
      "requires": {
        "@babel/runtime": "^7.10.1",
        "classnames": "^2.2.1",
        "rc-util": "^5.0.1"
      }
    },
    "rc-table": {
      "version": "7.8.0",
      "resolved": "https://registry.npmjs.org/rc-table/-/rc-table-7.8.0.tgz",
      "integrity": "sha512-R2QTTfsMyF+NVjjB1JPsl69eMmjTXcDclqrUZZVGFG3fqjK2+nqA3aUn0hkv/7PaKZ3cWPnBmLpct8iX8YWksA==",
      "requires": {
        "@babel/runtime": "^7.10.1",
        "classnames": "^2.2.5",
        "raf": "^3.4.1",
        "rc-resize-observer": "^0.2.0",
        "rc-util": "^5.0.0",
        "shallowequal": "^1.1.0"
      }
    },
    "rc-tabs": {
      "version": "11.4.1",
      "resolved": "https://registry.npmjs.org/rc-tabs/-/rc-tabs-11.4.1.tgz",
      "integrity": "sha512-gp3VW58VnMypSWV+sSeDPgKcOs1uUjZphf4olsFyPB2DRzRfyXoZ2i6CM3QVWKw4E052CgiPCKHCzK9LuSKKCg==",
      "requires": {
        "@babel/runtime": "^7.10.1",
        "classnames": "2.x",
        "raf": "^3.4.1",
        "rc-dropdown": "^3.1.0",
        "rc-menu": "^8.2.1",
        "rc-resize-observer": "^0.2.1",
        "rc-trigger": "^4.2.1",
        "rc-util": "^5.0.0"
      }
    },
    "rc-tooltip": {
      "version": "4.2.1",
      "resolved": "https://registry.npmjs.org/rc-tooltip/-/rc-tooltip-4.2.1.tgz",
      "integrity": "sha512-oykuaGsHg7RFvPUaxUpxo7ScEqtH61C66x4JUmjlFlSS8gSx2L8JFtfwM1D68SLBxUqGqJObtxj4TED75gQTiA==",
      "requires": {
        "rc-trigger": "^4.2.1"
      }
    },
    "rc-tree": {
      "version": "3.3.1",
      "resolved": "https://registry.npmjs.org/rc-tree/-/rc-tree-3.3.1.tgz",
      "integrity": "sha512-DGyVZN4HRSrmFErn68KOISIl3z0R9EjeNyZE0sgAaa5oqpQDAEK78/lYf5k3rot1N/iFAEJKaTRJfM7eIdWGwg==",
      "requires": {
        "@babel/runtime": "^7.10.1",
        "classnames": "2.x",
        "rc-animate": "^3.1.0",
        "rc-util": "^5.0.0",
        "rc-virtual-list": "^1.1.0"
      }
    },
    "rc-tree-select": {
      "version": "4.0.1",
      "resolved": "https://registry.npmjs.org/rc-tree-select/-/rc-tree-select-4.0.1.tgz",
      "integrity": "sha512-VehfIZgu6Xmko7YfJgshmuIdeI7u7Ar1iLkmlb69/w1HjaDnSHbV3N3xopLABAq8lTlTAnSFU2JCPcYifvTmAA==",
      "requires": {
        "@babel/runtime": "^7.10.1",
        "classnames": "2.x",
        "rc-select": "^11.0.0",
        "rc-tree": "^3.1.0",
        "rc-util": "^5.0.1"
      }
    },
    "rc-trigger": {
      "version": "4.3.0",
      "resolved": "https://registry.npmjs.org/rc-trigger/-/rc-trigger-4.3.0.tgz",
      "integrity": "sha512-jnGNzosXmDdivMBjPCYe/AfOXTpJU2/xQ9XukgoXDQEoZq/9lcI1r7eUIfq70WlWpLxlUEqQktiV3hwyy6Nw9g==",
      "requires": {
        "@babel/runtime": "^7.10.1",
        "classnames": "^2.2.6",
        "raf": "^3.4.1",
        "rc-align": "^4.0.0",
        "rc-animate": "^3.0.0",
        "rc-util": "^5.0.1"
      }
    },
    "rc-upload": {
      "version": "3.2.0",
      "resolved": "https://registry.npmjs.org/rc-upload/-/rc-upload-3.2.0.tgz",
      "integrity": "sha512-/vyOGVxl5QVM3ZE7s+GqYPbCLC/Q/vJq0sjdwnvJw01KvAR5kVOC4jbHEaU56dMss7PFGDfNzc8zO5bWYLDzVQ==",
      "requires": {
        "classnames": "^2.2.5"
      }
    },
    "rc-util": {
      "version": "5.0.4",
      "resolved": "https://registry.npmjs.org/rc-util/-/rc-util-5.0.4.tgz",
      "integrity": "sha512-cd19RCrE0DJH6UcJ9+V3eaXA/5sNWyVKOKkWl8ZM2OqgNzVb8fv0obf/TkuvSN43tmTsgqY8k7OqpFYHhmef8g==",
      "requires": {
        "react-is": "^16.12.0",
        "shallowequal": "^1.1.0"
      }
    },
    "rc-virtual-list": {
      "version": "1.1.5",
      "resolved": "https://registry.npmjs.org/rc-virtual-list/-/rc-virtual-list-1.1.5.tgz",
      "integrity": "sha512-roZ6HE5MNKaiop+Ic7jZS7xlMnXBLp0XBElsMbE4eEL3GnnnJAet2iXoT5wjKcKMXEVyVCD0L4yQozmH7+Kgxg==",
      "requires": {
        "classnames": "^2.2.6",
        "raf": "^3.4.1",
        "rc-util": "^5.0.0"
      }
    },
    "react-is": {
      "version": "16.13.1",
      "resolved": "https://registry.npmjs.org/react-is/-/react-is-16.13.1.tgz",
      "integrity": "sha512-24e6ynE2H+OKt4kqsOvNd8kBpV65zoxbA4BVsEOB3ARVWQki/DHzaUoC5KuON/BiccDaCCTZBuOcfZs70kR8bQ=="
    },
    "regenerator-runtime": {
      "version": "0.13.5",
      "resolved": "https://registry.npmjs.org/regenerator-runtime/-/regenerator-runtime-0.13.5.tgz",
      "integrity": "sha512-ZS5w8CpKFinUzOwW3c83oPeVXoNsrLsaCoLtJvAClH135j/R77RuymhiSErhm2lKcwSCIpmvIWSbDkIfAqKQlA=="
    },
    "request": {
      "version": "2.88.2",
      "resolved": "https://registry.npmjs.org/request/-/request-2.88.2.tgz",
      "integrity": "sha512-MsvtOrfG9ZcrOwAW+Qi+F6HbD0CWXEh9ou77uOb7FM2WPhwT7smM833PzanhJLsgXjN89Ir6V2PczXNnMpwKhw==",
      "dev": true,
      "optional": true,
      "requires": {
        "aws-sign2": "~0.7.0",
        "aws4": "^1.8.0",
        "caseless": "~0.12.0",
        "combined-stream": "~1.0.6",
        "extend": "~3.0.2",
        "forever-agent": "~0.6.1",
        "form-data": "~2.3.2",
        "har-validator": "~5.1.3",
        "http-signature": "~1.2.0",
        "is-typedarray": "~1.0.0",
        "isstream": "~0.1.2",
        "json-stringify-safe": "~5.0.1",
        "mime-types": "~2.1.19",
        "oauth-sign": "~0.9.0",
        "performance-now": "^2.1.0",
        "qs": "~6.5.2",
        "safe-buffer": "^5.1.2",
        "tough-cookie": "~2.5.0",
        "tunnel-agent": "^0.6.0",
        "uuid": "^3.3.2"
      }
    },
    "resize-observer-polyfill": {
      "version": "1.5.1",
      "resolved": "https://registry.npmjs.org/resize-observer-polyfill/-/resize-observer-polyfill-1.5.1.tgz",
      "integrity": "sha512-LwZrotdHOo12nQuZlHEmtuXdqGoOD0OhaxopaNFxWzInpEgaLWoVuAMbTzixuosCx2nEG58ngzW3vxdWoxIgdg=="
    },
    "safe-buffer": {
      "version": "5.2.1",
      "resolved": "https://registry.npmjs.org/safe-buffer/-/safe-buffer-5.2.1.tgz",
      "integrity": "sha512-rp3So07KcdmmKbGvgaNxQSJr7bGVSVk5S9Eq1F+ppbRo70+YeaDxkw5Dd8NPN+GD6bjnYm2VuPuCXmpuYvmCXQ==",
      "dev": true,
      "optional": true
    },
    "safer-buffer": {
      "version": "2.1.2",
      "resolved": "https://registry.npmjs.org/safer-buffer/-/safer-buffer-2.1.2.tgz",
      "integrity": "sha512-YZo3K82SD7Riyi0E1EQPojLz7kpepnSQI9IyPbHHg1XXXevb5dJI7tpyN2ADxGcQbHG7vcyRHk0cbwqcQriUtg==",
      "dev": true,
      "optional": true
    },
    "scroll-into-view-if-needed": {
      "version": "2.2.25",
      "resolved": "https://registry.npmjs.org/scroll-into-view-if-needed/-/scroll-into-view-if-needed-2.2.25.tgz",
      "integrity": "sha512-C8RKJPq9lK7eubwGpLbUkw3lklcG3Ndjmea2PyauzrA0i4DPlzAmVMGxaZrBFqCrVLfvJmP80IyHnv4jxvg1OQ==",
      "requires": {
        "compute-scroll-into-view": "^1.0.14"
      }
    },
    "semver": {
      "version": "5.7.1",
      "resolved": "https://registry.npmjs.org/semver/-/semver-5.7.1.tgz",
      "integrity": "sha512-sauaDf/PZdVgrLTNYHRtpXa1iRiKcaebiKQ1BJdpQlWH2lCvexQdX55snPFyK7QzpudqbCI0qXFfOasHdyNDGQ==",
      "dev": true,
      "optional": true
    },
    "shallowequal": {
      "version": "1.1.0",
      "resolved": "https://registry.npmjs.org/shallowequal/-/shallowequal-1.1.0.tgz",
      "integrity": "sha512-y0m1JoUZSlPAjXVtPPW70aZWfIL/dSP7AFkRnniLCrK/8MDKog3TySTBmckD+RObVxH0v4Tox67+F14PdED2oQ=="
    },
    "source-map": {
      "version": "0.6.1",
      "resolved": "https://registry.npmjs.org/source-map/-/source-map-0.6.1.tgz",
      "integrity": "sha512-UjgapumWlbMhkBgzT7Ykc5YXUT46F0iKu8SGXq0bcwP5dz/h0Plj6enJqjz1Zbq2l5WaqYnrVbwWOWMyF3F47g==",
      "dev": true,
      "optional": true
    },
    "sshpk": {
      "version": "1.16.1",
      "resolved": "https://registry.npmjs.org/sshpk/-/sshpk-1.16.1.tgz",
      "integrity": "sha512-HXXqVUq7+pcKeLqqZj6mHFUMvXtOJt1uoUx09pFW6011inTMxqI8BA8PM95myrIyyKwdnzjdFjLiE6KBPVtJIg==",
      "dev": true,
      "optional": true,
      "requires": {
        "asn1": "~0.2.3",
        "assert-plus": "^1.0.0",
        "bcrypt-pbkdf": "^1.0.0",
        "dashdash": "^1.12.0",
        "ecc-jsbn": "~0.1.1",
        "getpass": "^0.1.1",
        "jsbn": "~0.1.0",
        "safer-buffer": "^2.0.2",
        "tweetnacl": "~0.14.0"
      }
    },
    "string-convert": {
      "version": "0.2.1",
      "resolved": "https://registry.npmjs.org/string-convert/-/string-convert-0.2.1.tgz",
      "integrity": "sha1-aYLMMEn7tM2F+LJFaLnZvznu/5c="
    },
    "tinycolor2": {
      "version": "1.4.1",
      "resolved": "https://registry.npmjs.org/tinycolor2/-/tinycolor2-1.4.1.tgz",
      "integrity": "sha1-9PrTM0R7wLB9TcjpIJ2POaisd+g="
    },
    "toggle-selection": {
      "version": "1.0.6",
      "resolved": "https://registry.npmjs.org/toggle-selection/-/toggle-selection-1.0.6.tgz",
      "integrity": "sha1-bkWxJj8gF/oKzH2J14sVuL932jI="
    },
    "tough-cookie": {
      "version": "2.5.0",
      "resolved": "https://registry.npmjs.org/tough-cookie/-/tough-cookie-2.5.0.tgz",
      "integrity": "sha512-nlLsUzgm1kfLXSXfRZMc1KLAugd4hqJHDTvc2hDIwS3mZAfMEuMbc03SujMF+GEcpaX/qboeycw6iO8JwVv2+g==",
      "dev": true,
      "optional": true,
      "requires": {
        "psl": "^1.1.28",
        "punycode": "^2.1.1"
      }
    },
    "tslib": {
      "version": "1.13.0",
      "resolved": "https://registry.npmjs.org/tslib/-/tslib-1.13.0.tgz",
      "integrity": "sha512-i/6DQjL8Xf3be4K/E6Wgpekn5Qasl1usyw++dAA35Ue5orEn65VIxOA+YvNNl9HV3qv70T7CNwjODHZrLwvd1Q==",
      "dev": true
    },
    "tunnel-agent": {
      "version": "0.6.0",
      "resolved": "https://registry.npmjs.org/tunnel-agent/-/tunnel-agent-0.6.0.tgz",
      "integrity": "sha1-J6XeoGs2sEoKmWZ3SykIaPD8QP0=",
      "dev": true,
      "optional": true,
      "requires": {
        "safe-buffer": "^5.0.1"
      }
    },
    "tweetnacl": {
      "version": "0.14.5",
      "resolved": "https://registry.npmjs.org/tweetnacl/-/tweetnacl-0.14.5.tgz",
      "integrity": "sha1-WuaBd/GS1EViadEIr6k/+HQ/T2Q=",
      "dev": true,
      "optional": true
    },
    "uri-js": {
      "version": "4.2.2",
      "resolved": "https://registry.npmjs.org/uri-js/-/uri-js-4.2.2.tgz",
      "integrity": "sha512-KY9Frmirql91X2Qgjry0Wd4Y+YTdrdZheS8TFwvkbLWf/G5KNJDCh6pKL5OZctEW4+0Baa5idK2ZQuELRwPznQ==",
      "dev": true,
      "optional": true,
      "requires": {
        "punycode": "^2.1.0"
      }
    },
    "uuid": {
      "version": "3.4.0",
      "resolved": "https://registry.npmjs.org/uuid/-/uuid-3.4.0.tgz",
      "integrity": "sha512-HjSDRw6gZE5JMggctHBcjVak08+KEVhSIiDzFnT9S9aegmp85S/bReBVTb4QTFaRNptJ9kuYaNhnbNEOkbKb/A==",
      "dev": true,
      "optional": true
    },
    "verror": {
      "version": "1.10.0",
      "resolved": "https://registry.npmjs.org/verror/-/verror-1.10.0.tgz",
      "integrity": "sha1-OhBcoXBTr1XW4nDB+CiGguGNpAA=",
      "dev": true,
      "optional": true,
      "requires": {
        "assert-plus": "^1.0.0",
        "core-util-is": "1.0.2",
        "extsprintf": "^1.2.0"
      }
    },
    "warning": {
      "version": "4.0.3",
      "resolved": "https://registry.npmjs.org/warning/-/warning-4.0.3.tgz",
      "integrity": "sha512-rpJyN222KWIvHJ/F53XSZv0Zl/accqHR8et1kpaMTD/fLCRxtV8iX8czMzY7sVZupTI3zcUTg8eycS2kNF9l6w==",
      "requires": {
        "loose-envify": "^1.0.0"
      }
    }
  }
}
